
Microsoft Visual Studio Solution File, Format Version 12.00
# Visual Studio Version 17
VisualStudioVersion = 17.4.33122.133
MinimumVisualStudioVersion = 10.0.40219.1
Project("{FAE04EC0-301F-11D3-BF4B-00C04F79EFBC}") = "tuan2_bai7", "tuan2_bai7\tuan2_bai7.csproj", "{715A619D-061A-405E-BBEA-B7DD900343CC}"
EndProject
Global
	GlobalSection(SolutionConfigurationPlatforms) = preSolution
		Debug|Any CPU = Debug|Any CPU
		Release|Any CPU = Release|Any CPU
	EndGlobalSection
	GlobalSection(ProjectConfigurationPlatforms) = postSolution
		{715A619D-061A-405E-BBEA-B7DD900343CC}.Debug|Any CPU.ActiveCfg = Debug|Any CPU
		{715A619D-061A-405E-BBEA-B7DD900343CC}.Debug|Any CPU.Build.0 = Debug|Any CPU
		{715A619D-061A-405E-BBEA-B7DD900343CC}.Release|Any CPU.ActiveCfg = Release|Any CPU
		{715A619D-061A-405E-BBEA-B7DD900343CC}.Release|Any CPU.Build.0 = Release|Any CPU
	EndGlobalSection
	GlobalSection(SolutionProperties) = preSolution
		HideSolutionNode = FALSE
	EndGlobalSection
	GlobalSection(ExtensibilityGlobals) = postSolution
		SolutionGuid = {486B9479-802E-4958-9EDD-55C0472B515D}
	EndGlobalSection
EndGlobal
